
Microsoft Visual Studio Solution File, Format Version 12.00
# Visual Studio Version 17
VisualStudioVersion = 17.9.34622.214
MinimumVisualStudioVersion = 10.0.40219.1
Project("{9A19103F-16F7-4668-BE54-9A1E7A4F7556}") = "Coding.Challenge.Dependencies", "Coding.Challenge.Dependencies\Coding.Challenge.Dependencies.csproj", "{E78A986B-EB87-4086-81CD-038050947F3F}"
EndProject
Project("{9A19103F-16F7-4668-BE54-9A1E7A4F7556}") = "Coding.Challenge.API", "Coding.Challenge.API\Coding.Challenge.API.csproj", "{6DE8B111-6CDD-4819-B342-40E575399C43}"
EndProject
Project("{FAE04EC0-301F-11D3-BF4B-00C04F79EFBC}") = "UnitTests", "UnitTests\UnitTests.csproj", "{8781123D-79F1-45D1-A609-90124CE90343}"
EndProject
Global
	GlobalSection(SolutionConfigurationPlatforms) = preSolution
		Debug|Any CPU = Debug|Any CPU
		Release|Any CPU = Release|Any CPU
	EndGlobalSection
	GlobalSection(ProjectConfigurationPlatforms) = postSolution
		{E78A986B-EB87-4086-81CD-038050947F3F}.Debug|Any CPU.ActiveCfg = Debug|Any CPU
		{E78A986B-EB87-4086-81CD-038050947F3F}.Debug|Any CPU.Build.0 = Debug|Any CPU
		{E78A986B-EB87-4086-81CD-038050947F3F}.Release|Any CPU.ActiveCfg = Release|Any CPU
		{E78A986B-EB87-4086-81CD-038050947F3F}.Release|Any CPU.Build.0 = Release|Any CPU
		{6DE8B111-6CDD-4819-B342-40E575399C43}.Debug|Any CPU.ActiveCfg = Debug|Any CPU
		{6DE8B111-6CDD-4819-B342-40E575399C43}.Debug|Any CPU.Build.0 = Debug|Any CPU
		{6DE8B111-6CDD-4819-B342-40E575399C43}.Release|Any CPU.ActiveCfg = Release|Any CPU
		{6DE8B111-6CDD-4819-B342-40E575399C43}.Release|Any CPU.Build.0 = Release|Any CPU
		{8781123D-79F1-45D1-A609-90124CE90343}.Debug|Any CPU.ActiveCfg = Debug|Any CPU
		{8781123D-79F1-45D1-A609-90124CE90343}.Debug|Any CPU.Build.0 = Debug|Any CPU
		{8781123D-79F1-45D1-A609-90124CE90343}.Release|Any CPU.ActiveCfg = Release|Any CPU
		{8781123D-79F1-45D1-A609-90124CE90343}.Release|Any CPU.Build.0 = Release|Any CPU
	EndGlobalSection
	GlobalSection(SolutionProperties) = preSolution
		HideSolutionNode = FALSE
	EndGlobalSection
	GlobalSection(ExtensibilityGlobals) = postSolution
		SolutionGuid = {795B9133-5907-448B-B00B-99E2FCF8030D}
	EndGlobalSection
EndGlobal
